
Microsoft Visual Studio Solution File, Format Version 12.00
# Visual Studio Version 17
VisualStudioVersion = 17.1.32228.430
MinimumVisualStudioVersion = 10.0.40219.1
Project("{FAE04EC0-301F-11D3-BF4B-00C04F79EFBC}") = "Utility", "Utility\Utility.csproj", "{D91C699F-85A0-4E92-8F3B-0A0CD9025D64}"
EndProject
Project("{FAE04EC0-301F-11D3-BF4B-00C04F79EFBC}") = "UtilityTests", "UtilityTests\UtilityTests.csproj", "{45DB3047-465C-46DB-8FAB-1F53DE352061}"
EndProject
Project("{FAE04EC0-301F-11D3-BF4B-00C04F79EFBC}") = "WorkDoService", "WorkDoService\WorkDoService.csproj", "{3FA3EB08-A651-4BFE-9228-0224C5BCD1A8}"
EndProject
Project("{FAE04EC0-301F-11D3-BF4B-00C04F79EFBC}") = "WorkDoWinService", "ConsoleApp1\WorkDoWinService.csproj", "{A41EC701-4440-4513-B391-F190E5AEC6DF}"
EndProject
Project("{FAE04EC0-301F-11D3-BF4B-00C04F79EFBC}") = "WorkDoServiceIntegrationTests", "WorkDoServiceIntegrationTests\WorkDoServiceIntegrationTests.csproj", "{3459320C-A8F6-45D7-BEB2-BE4C241A212F}"
EndProject
Global
	GlobalSection(SolutionConfigurationPlatforms) = preSolution
		Debug|Any CPU = Debug|Any CPU
		Release|Any CPU = Release|Any CPU
	EndGlobalSection
	GlobalSection(ProjectConfigurationPlatforms) = postSolution
		{D91C699F-85A0-4E92-8F3B-0A0CD9025D64}.Debug|Any CPU.ActiveCfg = Debug|Any CPU
		{D91C699F-85A0-4E92-8F3B-0A0CD9025D64}.Debug|Any CPU.Build.0 = Debug|Any CPU
		{D91C699F-85A0-4E92-8F3B-0A0CD9025D64}.Release|Any CPU.ActiveCfg = Release|Any CPU
		{D91C699F-85A0-4E92-8F3B-0A0CD9025D64}.Release|Any CPU.Build.0 = Release|Any CPU
		{45DB3047-465C-46DB-8FAB-1F53DE352061}.Debug|Any CPU.ActiveCfg = Debug|Any CPU
		{45DB3047-465C-46DB-8FAB-1F53DE352061}.Debug|Any CPU.Build.0 = Debug|Any CPU
		{45DB3047-465C-46DB-8FAB-1F53DE352061}.Release|Any CPU.ActiveCfg = Release|Any CPU
		{45DB3047-465C-46DB-8FAB-1F53DE352061}.Release|Any CPU.Build.0 = Release|Any CPU
		{3FA3EB08-A651-4BFE-9228-0224C5BCD1A8}.Debug|Any CPU.ActiveCfg = Debug|Any CPU
		{3FA3EB08-A651-4BFE-9228-0224C5BCD1A8}.Debug|Any CPU.Build.0 = Debug|Any CPU
		{3FA3EB08-A651-4BFE-9228-0224C5BCD1A8}.Release|Any CPU.ActiveCfg = Release|Any CPU
		{3FA3EB08-A651-4BFE-9228-0224C5BCD1A8}.Release|Any CPU.Build.0 = Release|Any CPU
		{A41EC701-4440-4513-B391-F190E5AEC6DF}.Debug|Any CPU.ActiveCfg = Debug|Any CPU
		{A41EC701-4440-4513-B391-F190E5AEC6DF}.Debug|Any CPU.Build.0 = Debug|Any CPU
		{A41EC701-4440-4513-B391-F190E5AEC6DF}.Release|Any CPU.ActiveCfg = Release|Any CPU
		{A41EC701-4440-4513-B391-F190E5AEC6DF}.Release|Any CPU.Build.0 = Release|Any CPU
		{3459320C-A8F6-45D7-BEB2-BE4C241A212F}.Debug|Any CPU.ActiveCfg = Debug|Any CPU
		{3459320C-A8F6-45D7-BEB2-BE4C241A212F}.Debug|Any CPU.Build.0 = Debug|Any CPU
		{3459320C-A8F6-45D7-BEB2-BE4C241A212F}.Release|Any CPU.ActiveCfg = Release|Any CPU
		{3459320C-A8F6-45D7-BEB2-BE4C241A212F}.Release|Any CPU.Build.0 = Release|Any CPU
	EndGlobalSection
	GlobalSection(SolutionProperties) = preSolution
		HideSolutionNode = FALSE
	EndGlobalSection
	GlobalSection(ExtensibilityGlobals) = postSolution
		SolutionGuid = {4AF24CDA-5FE5-4576-B48C-99B30FBC0E6B}
	EndGlobalSection
EndGlobal
